
Microsoft Visual Studio Solution File, Format Version 12.00
# Visual Studio 15
VisualStudioVersion = 15.0.28307.1169
MinimumVisualStudioVersion = 10.0.40219.1
Project("{8BC9CEB8-8B4A-11D0-8D11-00A0C91BC942}") = "Complier", "Complier\Complier.vcxproj", "{CAA8DFEC-4380-4987-AF64-F5647448055E}"
EndProject
Global
	GlobalSection(SolutionConfigurationPlatforms) = preSolution
		Debug|x64 = Debug|x64
		Debug|x86 = Debug|x86
		Release|x64 = Release|x64
		Release|x86 = Release|x86
	EndGlobalSection
	GlobalSection(ProjectConfigurationPlatforms) = postSolution
		{CAA8DFEC-4380-4987-AF64-F5647448055E}.Debug|x64.ActiveCfg = Debug|x64
		{CAA8DFEC-4380-4987-AF64-F5647448055E}.Debug|x64.Build.0 = Debug|x64
		{CAA8DFEC-4380-4987-AF64-F5647448055E}.Debug|x86.ActiveCfg = Debug|Win32
		{CAA8DFEC-4380-4987-AF64-F5647448055E}.Debug|x86.Build.0 = Debug|Win32
		{CAA8DFEC-4380-4987-AF64-F5647448055E}.Release|x64.ActiveCfg = Release|x64
		{CAA8DFEC-4380-4987-AF64-F5647448055E}.Release|x64.Build.0 = Release|x64
		{CAA8DFEC-4380-4987-AF64-F5647448055E}.Release|x86.ActiveCfg = Release|Win32
		{CAA8DFEC-4380-4987-AF64-F5647448055E}.Release|x86.Build.0 = Release|Win32
	EndGlobalSection
	GlobalSection(SolutionProperties) = preSolution
		HideSolutionNode = FALSE
	EndGlobalSection
	GlobalSection(ExtensibilityGlobals) = postSolution
		SolutionGuid = {F21E81FC-303F-41B3-B943-856B9940CE50}
	EndGlobalSection
EndGlobal
